
Microsoft Visual Studio Solution File, Format Version 12.00
# Visual Studio 15
VisualStudioVersion = 15.0.27004.2005
MinimumVisualStudioVersion = 10.0.40219.1
Project("{FAE04EC0-301F-11D3-BF4B-00C04F79EFBC}") = "Lab8", "Lab8\Lab8.csproj", "{37F0E50B-FDFF-4350-820D-A89C53DF5156}"
EndProject
Global
	GlobalSection(SolutionConfigurationPlatforms) = preSolution
		Debug|Any CPU = Debug|Any CPU
		Release|Any CPU = Release|Any CPU
	EndGlobalSection
	GlobalSection(ProjectConfigurationPlatforms) = postSolution
		{37F0E50B-FDFF-4350-820D-A89C53DF5156}.Debug|Any CPU.ActiveCfg = Debug|Any CPU
		{37F0E50B-FDFF-4350-820D-A89C53DF5156}.Debug|Any CPU.Build.0 = Debug|Any CPU
		{37F0E50B-FDFF-4350-820D-A89C53DF5156}.Release|Any CPU.ActiveCfg = Release|Any CPU
		{37F0E50B-FDFF-4350-820D-A89C53DF5156}.Release|Any CPU.Build.0 = Release|Any CPU
	EndGlobalSection
	GlobalSection(SolutionProperties) = preSolution
		HideSolutionNode = FALSE
	EndGlobalSection
	GlobalSection(ExtensibilityGlobals) = postSolution
		SolutionGuid = {EB8DF50F-4CF7-4B2A-B74A-E7E76758BCD7}
	EndGlobalSection
EndGlobal
